
Microsoft Visual Studio Solution File, Format Version 12.00
# Visual Studio 14
VisualStudioVersion = 14.0.25123.0
MinimumVisualStudioVersion = 10.0.40219.1
Project("{FAE04EC0-301F-11D3-BF4B-00C04F79EFBC}") = "Sitecore.Marketplace.PublishingProjects", "Sitecore.Marketplace.PublishingProjects\Sitecore.Marketplace.PublishingProjects.csproj", "{B2B851B8-740D-4A51-8EC3-9C86A384DF21}"
EndProject
Project("{CAA73BB0-EF22-4D79-A57E-DF67B3BA9C80}") = "TDS_Core", "TDS_Core\TDS_Core.scproj", "{463D0139-EADA-4F8A-9C26-5C8334CF9397}"
EndProject
Project("{CAA73BB0-EF22-4D79-A57E-DF67B3BA9C80}") = "TDS_Master", "TDS_Master\TDS_Master.scproj", "{DDB05E9E-1815-4F27-A411-1BFA352CF6D8}"
EndProject
Global
	GlobalSection(SolutionConfigurationPlatforms) = preSolution
		Debug|Any CPU = Debug|Any CPU
		Release|Any CPU = Release|Any CPU
	EndGlobalSection
	GlobalSection(ProjectConfigurationPlatforms) = postSolution
		{B2B851B8-740D-4A51-8EC3-9C86A384DF21}.Debug|Any CPU.ActiveCfg = Debug|Any CPU
		{B2B851B8-740D-4A51-8EC3-9C86A384DF21}.Debug|Any CPU.Build.0 = Debug|Any CPU
		{B2B851B8-740D-4A51-8EC3-9C86A384DF21}.Release|Any CPU.ActiveCfg = Release|Any CPU
		{B2B851B8-740D-4A51-8EC3-9C86A384DF21}.Release|Any CPU.Build.0 = Release|Any CPU
		{463D0139-EADA-4F8A-9C26-5C8334CF9397}.Debug|Any CPU.ActiveCfg = Debug|Any CPU
		{463D0139-EADA-4F8A-9C26-5C8334CF9397}.Debug|Any CPU.Build.0 = Debug|Any CPU
		{463D0139-EADA-4F8A-9C26-5C8334CF9397}.Debug|Any CPU.Deploy.0 = Debug|Any CPU
		{463D0139-EADA-4F8A-9C26-5C8334CF9397}.Release|Any CPU.ActiveCfg = Release|Any CPU
		{463D0139-EADA-4F8A-9C26-5C8334CF9397}.Release|Any CPU.Build.0 = Release|Any CPU
		{463D0139-EADA-4F8A-9C26-5C8334CF9397}.Release|Any CPU.Deploy.0 = Release|Any CPU
		{DDB05E9E-1815-4F27-A411-1BFA352CF6D8}.Debug|Any CPU.ActiveCfg = Debug|Any CPU
		{DDB05E9E-1815-4F27-A411-1BFA352CF6D8}.Debug|Any CPU.Build.0 = Debug|Any CPU
		{DDB05E9E-1815-4F27-A411-1BFA352CF6D8}.Debug|Any CPU.Deploy.0 = Debug|Any CPU
		{DDB05E9E-1815-4F27-A411-1BFA352CF6D8}.Release|Any CPU.ActiveCfg = Release|Any CPU
		{DDB05E9E-1815-4F27-A411-1BFA352CF6D8}.Release|Any CPU.Build.0 = Release|Any CPU
		{DDB05E9E-1815-4F27-A411-1BFA352CF6D8}.Release|Any CPU.Deploy.0 = Release|Any CPU
	EndGlobalSection
	GlobalSection(SolutionProperties) = preSolution
		HideSolutionNode = FALSE
	EndGlobalSection
EndGlobal
